
Microsoft Visual Studio Solution File, Format Version 12.00
# Visual Studio Version 17
VisualStudioVersion = 17.2.32630.192
MinimumVisualStudioVersion = 10.0.40219.1
Project("{FAE04EC0-301F-11D3-BF4B-00C04F79EFBC}") = "TaskApi", "TaskApi\TaskApi.csproj", "{7219C8C2-C170-42A9-889C-1FF1CC299BBF}"
EndProject
Global
	GlobalSection(SolutionConfigurationPlatforms) = preSolution
		Debug|Any CPU = Debug|Any CPU
		Release|Any CPU = Release|Any CPU
	EndGlobalSection
	GlobalSection(ProjectConfigurationPlatforms) = postSolution
		{7219C8C2-C170-42A9-889C-1FF1CC299BBF}.Debug|Any CPU.ActiveCfg = Debug|Any CPU
		{7219C8C2-C170-42A9-889C-1FF1CC299BBF}.Debug|Any CPU.Build.0 = Debug|Any CPU
		{7219C8C2-C170-42A9-889C-1FF1CC299BBF}.Release|Any CPU.ActiveCfg = Release|Any CPU
		{7219C8C2-C170-42A9-889C-1FF1CC299BBF}.Release|Any CPU.Build.0 = Release|Any CPU
	EndGlobalSection
	GlobalSection(SolutionProperties) = preSolution
		HideSolutionNode = FALSE
	EndGlobalSection
	GlobalSection(ExtensibilityGlobals) = postSolution
		SolutionGuid = {929EF841-F95B-49DB-9F16-DB0CE8A08AE0}
	EndGlobalSection
EndGlobal
